
Microsoft Visual Studio Solution File, Format Version 12.00
# Visual Studio Version 17
VisualStudioVersion = 17.0.31903.59
MinimumVisualStudioVersion = 10.0.40219.1
Project("{FAE04EC0-301F-11D3-BF4B-00C04F79EFBC}") = "MovieReservation.API.View", "MovieReservation.API.View\MovieReservation.API.View.csproj", "{1BFF4D7A-0CEE-4468-BB92-6AADDCD61872}"
EndProject
Project("{FAE04EC0-301F-11D3-BF4B-00C04F79EFBC}") = "MovieReservation.DataAccess.Infrastructure", "MovieReservation.DataAccess.Infrastructure\MovieReservation.DataAccess.Infrastructure.csproj", "{C3B7E667-3CAD-4C0F-8E4D-81CE188130E8}"
EndProject
Project("{FAE04EC0-301F-11D3-BF4B-00C04F79EFBC}") = "MovieReservation.Logic.UseCases", "MovieReservation.Logic.UseCases\MovieReservation.Logic.UseCases.csproj", "{A85B5583-5785-48F4-A940-F8CE60BD799C}"
EndProject
Project("{FAE04EC0-301F-11D3-BF4B-00C04F79EFBC}") = "MovieReservation.Model.Domain", "MovieReservation.Model.Domain\MovieReservation.Model.Domain.csproj", "{12901FC2-F652-4F28-9CB4-12C18B2D4810}"
EndProject
Global
	GlobalSection(SolutionConfigurationPlatforms) = preSolution
		Debug|Any CPU = Debug|Any CPU
		Debug|x64 = Debug|x64
		Debug|x86 = Debug|x86
		Release|Any CPU = Release|Any CPU
		Release|x64 = Release|x64
		Release|x86 = Release|x86
	EndGlobalSection
	GlobalSection(ProjectConfigurationPlatforms) = postSolution
		{1BFF4D7A-0CEE-4468-BB92-6AADDCD61872}.Debug|Any CPU.ActiveCfg = Debug|Any CPU
		{1BFF4D7A-0CEE-4468-BB92-6AADDCD61872}.Debug|Any CPU.Build.0 = Debug|Any CPU
		{1BFF4D7A-0CEE-4468-BB92-6AADDCD61872}.Debug|x64.ActiveCfg = Debug|Any CPU
		{1BFF4D7A-0CEE-4468-BB92-6AADDCD61872}.Debug|x64.Build.0 = Debug|Any CPU
		{1BFF4D7A-0CEE-4468-BB92-6AADDCD61872}.Debug|x86.ActiveCfg = Debug|Any CPU
		{1BFF4D7A-0CEE-4468-BB92-6AADDCD61872}.Debug|x86.Build.0 = Debug|Any CPU
		{1BFF4D7A-0CEE-4468-BB92-6AADDCD61872}.Release|Any CPU.ActiveCfg = Release|Any CPU
		{1BFF4D7A-0CEE-4468-BB92-6AADDCD61872}.Release|Any CPU.Build.0 = Release|Any CPU
		{1BFF4D7A-0CEE-4468-BB92-6AADDCD61872}.Release|x64.ActiveCfg = Release|Any CPU
		{1BFF4D7A-0CEE-4468-BB92-6AADDCD61872}.Release|x64.Build.0 = Release|Any CPU
		{1BFF4D7A-0CEE-4468-BB92-6AADDCD61872}.Release|x86.ActiveCfg = Release|Any CPU
		{1BFF4D7A-0CEE-4468-BB92-6AADDCD61872}.Release|x86.Build.0 = Release|Any CPU
		{C3B7E667-3CAD-4C0F-8E4D-81CE188130E8}.Debug|Any CPU.ActiveCfg = Debug|Any CPU
		{C3B7E667-3CAD-4C0F-8E4D-81CE188130E8}.Debug|Any CPU.Build.0 = Debug|Any CPU
		{C3B7E667-3CAD-4C0F-8E4D-81CE188130E8}.Debug|x64.ActiveCfg = Debug|Any CPU
		{C3B7E667-3CAD-4C0F-8E4D-81CE188130E8}.Debug|x64.Build.0 = Debug|Any CPU
		{C3B7E667-3CAD-4C0F-8E4D-81CE188130E8}.Debug|x86.ActiveCfg = Debug|Any CPU
		{C3B7E667-3CAD-4C0F-8E4D-81CE188130E8}.Debug|x86.Build.0 = Debug|Any CPU
		{C3B7E667-3CAD-4C0F-8E4D-81CE188130E8}.Release|Any CPU.ActiveCfg = Release|Any CPU
		{C3B7E667-3CAD-4C0F-8E4D-81CE188130E8}.Release|Any CPU.Build.0 = Release|Any CPU
		{C3B7E667-3CAD-4C0F-8E4D-81CE188130E8}.Release|x64.ActiveCfg = Release|Any CPU
		{C3B7E667-3CAD-4C0F-8E4D-81CE188130E8}.Release|x64.Build.0 = Release|Any CPU
		{C3B7E667-3CAD-4C0F-8E4D-81CE188130E8}.Release|x86.ActiveCfg = Release|Any CPU
		{C3B7E667-3CAD-4C0F-8E4D-81CE188130E8}.Release|x86.Build.0 = Release|Any CPU
		{A85B5583-5785-48F4-A940-F8CE60BD799C}.Debug|Any CPU.ActiveCfg = Debug|Any CPU
		{A85B5583-5785-48F4-A940-F8CE60BD799C}.Debug|Any CPU.Build.0 = Debug|Any CPU
		{A85B5583-5785-48F4-A940-F8CE60BD799C}.Debug|x64.ActiveCfg = Debug|Any CPU
		{A85B5583-5785-48F4-A940-F8CE60BD799C}.Debug|x64.Build.0 = Debug|Any CPU
		{A85B5583-5785-48F4-A940-F8CE60BD799C}.Debug|x86.ActiveCfg = Debug|Any CPU
		{A85B5583-5785-48F4-A940-F8CE60BD799C}.Debug|x86.Build.0 = Debug|Any CPU
		{A85B5583-5785-48F4-A940-F8CE60BD799C}.Release|Any CPU.ActiveCfg = Release|Any CPU
		{A85B5583-5785-48F4-A940-F8CE60BD799C}.Release|Any CPU.Build.0 = Release|Any CPU
		{A85B5583-5785-48F4-A940-F8CE60BD799C}.Release|x64.ActiveCfg = Release|Any CPU
		{A85B5583-5785-48F4-A940-F8CE60BD799C}.Release|x64.Build.0 = Release|Any CPU
		{A85B5583-5785-48F4-A940-F8CE60BD799C}.Release|x86.ActiveCfg = Release|Any CPU
		{A85B5583-5785-48F4-A940-F8CE60BD799C}.Release|x86.Build.0 = Release|Any CPU
		{12901FC2-F652-4F28-9CB4-12C18B2D4810}.Debug|Any CPU.ActiveCfg = Debug|Any CPU
		{12901FC2-F652-4F28-9CB4-12C18B2D4810}.Debug|Any CPU.Build.0 = Debug|Any CPU
		{12901FC2-F652-4F28-9CB4-12C18B2D4810}.Debug|x64.ActiveCfg = Debug|Any CPU
		{12901FC2-F652-4F28-9CB4-12C18B2D4810}.Debug|x64.Build.0 = Debug|Any CPU
		{12901FC2-F652-4F28-9CB4-12C18B2D4810}.Debug|x86.ActiveCfg = Debug|Any CPU
		{12901FC2-F652-4F28-9CB4-12C18B2D4810}.Debug|x86.Build.0 = Debug|Any CPU
		{12901FC2-F652-4F28-9CB4-12C18B2D4810}.Release|Any CPU.ActiveCfg = Release|Any CPU
		{12901FC2-F652-4F28-9CB4-12C18B2D4810}.Release|Any CPU.Build.0 = Release|Any CPU
		{12901FC2-F652-4F28-9CB4-12C18B2D4810}.Release|x64.ActiveCfg = Release|Any CPU
		{12901FC2-F652-4F28-9CB4-12C18B2D4810}.Release|x64.Build.0 = Release|Any CPU
		{12901FC2-F652-4F28-9CB4-12C18B2D4810}.Release|x86.ActiveCfg = Release|Any CPU
		{12901FC2-F652-4F28-9CB4-12C18B2D4810}.Release|x86.Build.0 = Release|Any CPU
	EndGlobalSection
	GlobalSection(SolutionProperties) = preSolution
		HideSolutionNode = FALSE
	EndGlobalSection
EndGlobal
