
Microsoft Visual Studio Solution File, Format Version 12.00
# Visual Studio Version 17
VisualStudioVersion = 17.5.2.0
MinimumVisualStudioVersion = 10.0.40219.1
Project("{FAE04EC0-301F-11D3-BF4B-00C04F79EFBC}") = "MovieReservation.API", "src\MovieReservation.API\MovieReservation.API.csproj", "{3ACA546D-37C4-D3A3-3D89-1BCF1F67F011}"
EndProject
Project("{FAE04EC0-301F-11D3-BF4B-00C04F79EFBC}") = "MovieReservation.Domain", "src\MovieReservation.Domain\MovieReservation.Domain.csproj", "{34B81A19-2502-20F0-6424-08194B52E1AE}"
EndProject
Project("{FAE04EC0-301F-11D3-BF4B-00C04F79EFBC}") = "MovieReservation.Services", "src\MovieReservation.Services\MovieReservation.Services.csproj", "{51A5629D-E382-4BA6-AED0-9714A35CA0AD}"
EndProject
Project("{2150E333-8FDC-42A3-9474-1A3956D46DE8}") = "tests", "tests", "{0AB3BF05-4346-4AA6-1389-037BE0695223}"
EndProject
Project("{FAE04EC0-301F-11D3-BF4B-00C04F79EFBC}") = "MovieReservation.Domain.Tests", "tests\MovieReservation.Domain.Tests\MovieReservation.Domain.Tests.csproj", "{31D5D46A-FAE1-444B-A962-53C6A164F714}"
EndProject
Project("{2150E333-8FDC-42A3-9474-1A3956D46DE8}") = "src", "src", "{827E0CD3-B72D-47B6-A68D-7590B98EB39B}"
EndProject
Global
	GlobalSection(SolutionConfigurationPlatforms) = preSolution
		Debug|Any CPU = Debug|Any CPU
		Debug|x64 = Debug|x64
		Debug|x86 = Debug|x86
		Release|Any CPU = Release|Any CPU
		Release|x64 = Release|x64
		Release|x86 = Release|x86
	EndGlobalSection
	GlobalSection(ProjectConfigurationPlatforms) = postSolution
		{3ACA546D-37C4-D3A3-3D89-1BCF1F67F011}.Debug|Any CPU.ActiveCfg = Debug|Any CPU
		{3ACA546D-37C4-D3A3-3D89-1BCF1F67F011}.Debug|Any CPU.Build.0 = Debug|Any CPU
		{3ACA546D-37C4-D3A3-3D89-1BCF1F67F011}.Debug|x64.ActiveCfg = Debug|Any CPU
		{3ACA546D-37C4-D3A3-3D89-1BCF1F67F011}.Debug|x64.Build.0 = Debug|Any CPU
		{3ACA546D-37C4-D3A3-3D89-1BCF1F67F011}.Debug|x86.ActiveCfg = Debug|Any CPU
		{3ACA546D-37C4-D3A3-3D89-1BCF1F67F011}.Debug|x86.Build.0 = Debug|Any CPU
		{3ACA546D-37C4-D3A3-3D89-1BCF1F67F011}.Release|Any CPU.ActiveCfg = Release|Any CPU
		{3ACA546D-37C4-D3A3-3D89-1BCF1F67F011}.Release|Any CPU.Build.0 = Release|Any CPU
		{3ACA546D-37C4-D3A3-3D89-1BCF1F67F011}.Release|x64.ActiveCfg = Release|Any CPU
		{3ACA546D-37C4-D3A3-3D89-1BCF1F67F011}.Release|x64.Build.0 = Release|Any CPU
		{3ACA546D-37C4-D3A3-3D89-1BCF1F67F011}.Release|x86.ActiveCfg = Release|Any CPU
		{3ACA546D-37C4-D3A3-3D89-1BCF1F67F011}.Release|x86.Build.0 = Release|Any CPU
		{34B81A19-2502-20F0-6424-08194B52E1AE}.Debug|Any CPU.ActiveCfg = Debug|Any CPU
		{34B81A19-2502-20F0-6424-08194B52E1AE}.Debug|Any CPU.Build.0 = Debug|Any CPU
		{34B81A19-2502-20F0-6424-08194B52E1AE}.Debug|x64.ActiveCfg = Debug|Any CPU
		{34B81A19-2502-20F0-6424-08194B52E1AE}.Debug|x64.Build.0 = Debug|Any CPU
		{34B81A19-2502-20F0-6424-08194B52E1AE}.Debug|x86.ActiveCfg = Debug|Any CPU
		{34B81A19-2502-20F0-6424-08194B52E1AE}.Debug|x86.Build.0 = Debug|Any CPU
		{34B81A19-2502-20F0-6424-08194B52E1AE}.Release|Any CPU.ActiveCfg = Release|Any CPU
		{34B81A19-2502-20F0-6424-08194B52E1AE}.Release|Any CPU.Build.0 = Release|Any CPU
		{34B81A19-2502-20F0-6424-08194B52E1AE}.Release|x64.ActiveCfg = Release|Any CPU
		{34B81A19-2502-20F0-6424-08194B52E1AE}.Release|x64.Build.0 = Release|Any CPU
		{34B81A19-2502-20F0-6424-08194B52E1AE}.Release|x86.ActiveCfg = Release|Any CPU
		{34B81A19-2502-20F0-6424-08194B52E1AE}.Release|x86.Build.0 = Release|Any CPU
		{51A5629D-E382-4BA6-AED0-9714A35CA0AD}.Debug|Any CPU.ActiveCfg = Debug|Any CPU
		{51A5629D-E382-4BA6-AED0-9714A35CA0AD}.Debug|Any CPU.Build.0 = Debug|Any CPU
		{51A5629D-E382-4BA6-AED0-9714A35CA0AD}.Debug|x64.ActiveCfg = Debug|Any CPU
		{51A5629D-E382-4BA6-AED0-9714A35CA0AD}.Debug|x64.Build.0 = Debug|Any CPU
		{51A5629D-E382-4BA6-AED0-9714A35CA0AD}.Debug|x86.ActiveCfg = Debug|Any CPU
		{51A5629D-E382-4BA6-AED0-9714A35CA0AD}.Debug|x86.Build.0 = Debug|Any CPU
		{51A5629D-E382-4BA6-AED0-9714A35CA0AD}.Release|Any CPU.ActiveCfg = Release|Any CPU
		{51A5629D-E382-4BA6-AED0-9714A35CA0AD}.Release|Any CPU.Build.0 = Release|Any CPU
		{51A5629D-E382-4BA6-AED0-9714A35CA0AD}.Release|x64.ActiveCfg = Release|Any CPU
		{51A5629D-E382-4BA6-AED0-9714A35CA0AD}.Release|x64.Build.0 = Release|Any CPU
		{51A5629D-E382-4BA6-AED0-9714A35CA0AD}.Release|x86.ActiveCfg = Release|Any CPU
		{51A5629D-E382-4BA6-AED0-9714A35CA0AD}.Release|x86.Build.0 = Release|Any CPU
		{31D5D46A-FAE1-444B-A962-53C6A164F714}.Debug|Any CPU.ActiveCfg = Debug|Any CPU
		{31D5D46A-FAE1-444B-A962-53C6A164F714}.Debug|Any CPU.Build.0 = Debug|Any CPU
		{31D5D46A-FAE1-444B-A962-53C6A164F714}.Debug|x64.ActiveCfg = Debug|Any CPU
		{31D5D46A-FAE1-444B-A962-53C6A164F714}.Debug|x64.Build.0 = Debug|Any CPU
		{31D5D46A-FAE1-444B-A962-53C6A164F714}.Debug|x86.ActiveCfg = Debug|Any CPU
		{31D5D46A-FAE1-444B-A962-53C6A164F714}.Debug|x86.Build.0 = Debug|Any CPU
		{31D5D46A-FAE1-444B-A962-53C6A164F714}.Release|Any CPU.ActiveCfg = Release|Any CPU
		{31D5D46A-FAE1-444B-A962-53C6A164F714}.Release|Any CPU.Build.0 = Release|Any CPU
		{31D5D46A-FAE1-444B-A962-53C6A164F714}.Release|x64.ActiveCfg = Release|Any CPU
		{31D5D46A-FAE1-444B-A962-53C6A164F714}.Release|x64.Build.0 = Release|Any CPU
		{31D5D46A-FAE1-444B-A962-53C6A164F714}.Release|x86.ActiveCfg = Release|Any CPU
		{31D5D46A-FAE1-444B-A962-53C6A164F714}.Release|x86.Build.0 = Release|Any CPU
	EndGlobalSection
	GlobalSection(SolutionProperties) = preSolution
		HideSolutionNode = FALSE
	EndGlobalSection
	GlobalSection(NestedProjects) = preSolution
		{31D5D46A-FAE1-444B-A962-53C6A164F714} = {0AB3BF05-4346-4AA6-1389-037BE0695223}
	EndGlobalSection
	GlobalSection(ExtensibilityGlobals) = postSolution
		SolutionGuid = {73FFE520-EE5E-4837-9FCB-DA6312CC2F09}
	EndGlobalSection
EndGlobal
